// !$*UTF8*$!
{
	archiveVersion = 1;
	classes = {
	};
	objectVersion = 46;
	objects = {

/* Begin PBXBuildFile section */
		C216B3CA19321B86002ECA95 /* 02.jpg in Resources */ = {isa = PBXBuildFile; fileRef = C216B3C819321B86002ECA95 /* 02.jpg */; };
		C216B3CB19321B86002ECA95 /* 03.jpg in Resources */ = {isa = PBXBuildFile; fileRef = C216B3C919321B86002ECA95 /* 03.jpg */; };
		C21C604B192E138000C3B7F6 /* Foundation.framework in Frameworks */ = {isa = PBXBuildFile; fileRef = C21C604A192E138000C3B7F6 /* Foundation.framework */; };
		C21C604D192E138000C3B7F6 /* CoreGraphics.framework in Frameworks */ = {isa = PBXBuildFile; fileRef = C21C604C192E138000C3B7F6 /* CoreGraphics.framework */; };
		C21C604F192E138000C3B7F6 /* UIKit.framework in Frameworks */ = {isa = PBXBuildFile; fileRef = C21C604E192E138000C3B7F6 /* UIKit.framework */; };
		C21C6055192E138000C3B7F6 /* InfoPlist.strings in Resources */ = {isa = PBXBuildFile; fileRef = C21C6053192E138000C3B7F6 /* InfoPlist.strings */; };
		C21C6057192E138000C3B7F6 /* main.m in Sources */ = {isa = PBXBuildFile; fileRef = C21C6056192E138000C3B7F6 /* main.m */; };
		C21C605B192E138000C3B7F6 /* CFAppDelegate.m in Sources */ = {isa = PBXBuildFile; fileRef = C21C605A192E138000C3B7F6 /* CFAppDelegate.m */; };
		C21C605D192E138000C3B7F6 /* Images.xcassets in Resources */ = {isa = PBXBuildFile; fileRef = C21C605C192E138000C3B7F6 /* Images.xcassets */; };
		C21C6064192E138000C3B7F6 /* XCTest.framework in Frameworks */ = {isa = PBXBuildFile; fileRef = C21C6063192E138000C3B7F6 /* XCTest.framework */; };
		C21C6065192E138000C3B7F6 /* Foundation.framework in Frameworks */ = {isa = PBXBuildFile; fileRef = C21C604A192E138000C3B7F6 /* Foundation.framework */; };
		C21C6066192E138000C3B7F6 /* UIKit.framework in Frameworks */ = {isa = PBXBuildFile; fileRef = C21C604E192E138000C3B7F6 /* UIKit.framework */; };
		C21C606E192E138000C3B7F6 /* InfoPlist.strings in Resources */ = {isa = PBXBuildFile; fileRef = C21C606C192E138000C3B7F6 /* InfoPlist.strings */; };
		C21C6070192E138000C3B7F6 /* LoginTests.m in Sources */ = {isa = PBXBuildFile; fileRef = C21C606F192E138000C3B7F6 /* LoginTests.m */; };
		C21C6090192E460E00C3B7F6 /* readme.md in Resources */ = {isa = PBXBuildFile; fileRef = C21C608F192E460E00C3B7F6 /* readme.md */; };
		C2F537C819335D5B00E3A6A9 /* 01.png in Resources */ = {isa = PBXBuildFile; fileRef = C2F537C719335D5B00E3A6A9 /* 01.png */; };
		C2F537CB19335F5800E3A6A9 /* CFLogIn.m in Sources */ = {isa = PBXBuildFile; fileRef = C2F537CA19335F5800E3A6A9 /* CFLogIn.m */; };
		C2F537CE1933645A00E3A6A9 /* CFLoginView.m in Sources */ = {isa = PBXBuildFile; fileRef = C2F537CD1933645A00E3A6A9 /* CFLoginView.m */; };
		C2F537D11933649900E3A6A9 /* CFRegistView.m in Sources */ = {isa = PBXBuildFile; fileRef = C2F537D01933649900E3A6A9 /* CFRegistView.m */; };
		C2F537D4193364C500E3A6A9 /* CFGetPasswordView.m in Sources */ = {isa = PBXBuildFile; fileRef = C2F537D3193364C500E3A6A9 /* CFGetPasswordView.m */; };
		C2F537D719337A0B00E3A6A9 /* CFLTView.m in Sources */ = {isa = PBXBuildFile; fileRef = C2F537D619337A0B00E3A6A9 /* CFLTView.m */; };
		C2F537DA1933850700E3A6A9 /* CFLoginBase.m in Sources */ = {isa = PBXBuildFile; fileRef = C2F537D91933850700E3A6A9 /* CFLoginBase.m */; };
/* End PBXBuildFile section */

/* Begin PBXContainerItemProxy section */
		C21C6067192E138000C3B7F6 /* PBXContainerItemProxy */ = {
			isa = PBXContainerItemProxy;
			containerPortal = C21C603F192E138000C3B7F6 /* Project object */;
			proxyType = 1;
			remoteGlobalIDString = C21C6046192E138000C3B7F6;
			remoteInfo = Login;
		};
/* End PBXContainerItemProxy section */

/* Begin PBXFileReference section */
		C216B3C819321B86002ECA95 /* 02.jpg */ = {isa = PBXFileReference; lastKnownFileType = image.jpeg; path = 02.jpg; sourceTree = "<group>"; };
		C216B3C919321B86002ECA95 /* 03.jpg */ = {isa = PBXFileReference; lastKnownFileType = image.jpeg; path = 03.jpg; sourceTree = "<group>"; };
		C21C6047192E138000C3B7F6 /* Login.app */ = {isa = PBXFileReference; explicitFileType = wrapper.application; includeInIndex = 0; path = Login.app; sourceTree = BUILT_PRODUCTS_DIR; };
		C21C604A192E138000C3B7F6 /* Foundation.framework */ = {isa = PBXFileReference; lastKnownFileType = wrapper.framework; name = Foundation.framework; path = System/Library/Frameworks/Foundation.framework; sourceTree = SDKROOT; };
		C21C604C192E138000C3B7F6 /* CoreGraphics.framework */ = {isa = PBXFileReference; lastKnownFileType = wrapper.framework; name = CoreGraphics.framework; path = System/Library/Frameworks/CoreGraphics.framework; sourceTree = SDKROOT; };
		C21C604E192E138000C3B7F6 /* UIKit.framework */ = {isa = PBXFileReference; lastKnownFileType = wrapper.framework; name = UIKit.framework; path = System/Library/Frameworks/UIKit.framework; sourceTree = SDKROOT; };
		C21C6052192E138000C3B7F6 /* Login-Info.plist */ = {isa = PBXFileReference; lastKnownFileType = text.plist.xml; path = "Login-Info.plist"; sourceTree = "<group>"; };
		C21C6054192E138000C3B7F6 /* en */ = {isa = PBXFileReference; lastKnownFileType = text.plist.strings; name = en; path = en.lproj/InfoPlist.strings; sourceTree = "<group>"; };
		C21C6056192E138000C3B7F6 /* main.m */ = {isa = PBXFileReference; lastKnownFileType = sourcecode.c.objc; path = main.m; sourceTree = "<group>"; };
		C21C6058192E138000C3B7F6 /* Login-Prefix.pch */ = {isa = PBXFileReference; lastKnownFileType = sourcecode.c.h; path = "Login-Prefix.pch"; sourceTree = "<group>"; };
		C21C6059192E138000C3B7F6 /* CFAppDelegate.h */ = {isa = PBXFileReference; lastKnownFileType = sourcecode.c.h; path = CFAppDelegate.h; sourceTree = "<group>"; };
		C21C605A192E138000C3B7F6 /* CFAppDelegate.m */ = {isa = PBXFileReference; lastKnownFileType = sourcecode.c.objc; path = CFAppDelegate.m; sourceTree = "<group>"; };
		C21C605C192E138000C3B7F6 /* Images.xcassets */ = {isa = PBXFileReference; lastKnownFileType = folder.assetcatalog; path = Images.xcassets; sourceTree = "<group>"; };
		C21C6062192E138000C3B7F6 /* LoginTests.xctest */ = {isa = PBXFileReference; explicitFileType = wrapper.cfbundle; includeInIndex = 0; path = LoginTests.xctest; sourceTree = BUILT_PRODUCTS_DIR; };
		C21C6063192E138000C3B7F6 /* XCTest.framework */ = {isa = PBXFileReference; lastKnownFileType = wrapper.framework; name = XCTest.framework; path = Library/Frameworks/XCTest.framework; sourceTree = DEVELOPER_DIR; };
		C21C606B192E138000C3B7F6 /* LoginTests-Info.plist */ = {isa = PBXFileReference; lastKnownFileType = text.plist.xml; path = "LoginTests-Info.plist"; sourceTree = "<group>"; };
		C21C606D192E138000C3B7F6 /* en */ = {isa = PBXFileReference; lastKnownFileType = text.plist.strings; name = en; path = en.lproj/InfoPlist.strings; sourceTree = "<group>"; };
		C21C606F192E138000C3B7F6 /* LoginTests.m */ = {isa = PBXFileReference; lastKnownFileType = sourcecode.c.objc; path = LoginTests.m; sourceTree = "<group>"; };
		C21C608F192E460E00C3B7F6 /* readme.md */ = {isa = PBXFileReference; fileEncoding = 4; lastKnownFileType = text; path = readme.md; sourceTree = SOURCE_ROOT; };
		C2F537C719335D5B00E3A6A9 /* 01.png */ = {isa = PBXFileReference; lastKnownFileType = image.png; path = 01.png; sourceTree = "<group>"; };
		C2F537C919335F5800E3A6A9 /* CFLogIn.h */ = {isa = PBXFileReference; fileEncoding = 4; lastKnownFileType = sourcecode.c.h; path = CFLogIn.h; sourceTree = "<group>"; };
		C2F537CA19335F5800E3A6A9 /* CFLogIn.m */ = {isa = PBXFileReference; fileEncoding = 4; lastKnownFileType = sourcecode.c.objc; path = CFLogIn.m; sourceTree = "<group>"; };
		C2F537CC1933645A00E3A6A9 /* CFLoginView.h */ = {isa = PBXFileReference; fileEncoding = 4; lastKnownFileType = sourcecode.c.h; path = CFLoginView.h; sourceTree = "<group>"; };
		C2F537CD1933645A00E3A6A9 /* CFLoginView.m */ = {isa = PBXFileReference; fileEncoding = 4; lastKnownFileType = sourcecode.c.objc; path = CFLoginView.m; sourceTree = "<group>"; };
		C2F537CF1933649900E3A6A9 /* CFRegistView.h */ = {isa = PBXFileReference; fileEncoding = 4; lastKnownFileType = sourcecode.c.h; path = CFRegistView.h; sourceTree = "<group>"; };
		C2F537D01933649900E3A6A9 /* CFRegistView.m */ = {isa = PBXFileReference; fileEncoding = 4; lastKnownFileType = sourcecode.c.objc; path = CFRegistView.m; sourceTree = "<group>"; };
		C2F537D2193364C500E3A6A9 /* CFGetPasswordView.h */ = {isa = PBXFileReference; fileEncoding = 4; lastKnownFileType = sourcecode.c.h; path = CFGetPasswordView.h; sourceTree = "<group>"; };
		C2F537D3193364C500E3A6A9 /* CFGetPasswordView.m */ = {isa = PBXFileReference; fileEncoding = 4; lastKnownFileType = sourcecode.c.objc; path = CFGetPasswordView.m; sourceTree = "<group>"; };
		C2F537D519337A0B00E3A6A9 /* CFLTView.h */ = {isa = PBXFileReference; fileEncoding = 4; lastKnownFileType = sourcecode.c.h; path = CFLTView.h; sourceTree = "<group>"; };
		C2F537D619337A0B00E3A6A9 /* CFLTView.m */ = {isa = PBXFileReference; fileEncoding = 4; lastKnownFileType = sourcecode.c.objc; path = CFLTView.m; sourceTree = "<group>"; };
		C2F537D81933850700E3A6A9 /* CFLoginBase.h */ = {isa = PBXFileReference; fileEncoding = 4; lastKnownFileType = sourcecode.c.h; path = CFLoginBase.h; sourceTree = "<group>"; };
		C2F537D91933850700E3A6A9 /* CFLoginBase.m */ = {isa = PBXFileReference; fileEncoding = 4; lastKnownFileType = sourcecode.c.objc; path = CFLoginBase.m; sourceTree = "<group>"; };
/* End PBXFileReference section */

/* Begin PBXFrameworksBuildPhase section */
		C21C6044192E138000C3B7F6 /* Frameworks */ = {
			isa = PBXFrameworksBuildPhase;
			buildActionMask = 2147483647;
			files = (
				C21C604D192E138000C3B7F6 /* CoreGraphics.framework in Frameworks */,
				C21C604F192E138000C3B7F6 /* UIKit.framework in Frameworks */,
				C21C604B192E138000C3B7F6 /* Foundation.framework in Frameworks */,
			);
			runOnlyForDeploymentPostprocessing = 0;
		};
		C21C605F192E138000C3B7F6 /* Frameworks */ = {
			isa = PBXFrameworksBuildPhase;
			buildActionMask = 2147483647;
			files = (
				C21C6064192E138000C3B7F6 /* XCTest.framework in Frameworks */,
				C21C6066192E138000C3B7F6 /* UIKit.framework in Frameworks */,
				C21C6065192E138000C3B7F6 /* Foundation.framework in Frameworks */,
			);
			runOnlyForDeploymentPostprocessing = 0;
		};
/* End PBXFrameworksBuildPhase section */

/* Begin PBXGroup section */
		C21C603E192E138000C3B7F6 = {
			isa = PBXGroup;
			children = (
				C21C6050192E138000C3B7F6 /* Login */,
				C21C6069192E138000C3B7F6 /* LoginTests */,
				C21C6049192E138000C3B7F6 /* Frameworks */,
				C21C6048192E138000C3B7F6 /* Products */,
			);
			sourceTree = "<group>";
		};
		C21C6048192E138000C3B7F6 /* Products */ = {
			isa = PBXGroup;
			children = (
				C21C6047192E138000C3B7F6 /* Login.app */,
				C21C6062192E138000C3B7F6 /* LoginTests.xctest */,
			);
			name = Products;
			sourceTree = "<group>";
		};
		C21C6049192E138000C3B7F6 /* Frameworks */ = {
			isa = PBXGroup;
			children = (
				C21C604A192E138000C3B7F6 /* Foundation.framework */,
				C21C604C192E138000C3B7F6 /* CoreGraphics.framework */,
				C21C604E192E138000C3B7F6 /* UIKit.framework */,
				C21C6063192E138000C3B7F6 /* XCTest.framework */,
			);
			name = Frameworks;
			sourceTree = "<group>";
		};
		C21C6050192E138000C3B7F6 /* Login */ = {
			isa = PBXGroup;
			children = (
				C2F537C919335F5800E3A6A9 /* CFLogIn.h */,
				C2F537CA19335F5800E3A6A9 /* CFLogIn.m */,
				C2F537D01933649900E3A6A9 /* CFRegistView.m */,
				C2F537D81933850700E3A6A9 /* CFLoginBase.h */,
				C2F537D91933850700E3A6A9 /* CFLoginBase.m */,
				C2F537CF1933649900E3A6A9 /* CFRegistView.h */,
				C2F537CC1933645A00E3A6A9 /* CFLoginView.h */,
				C2F537CD1933645A00E3A6A9 /* CFLoginView.m */,
				C2F537D2193364C500E3A6A9 /* CFGetPasswordView.h */,
				C2F537D3193364C500E3A6A9 /* CFGetPasswordView.m */,
				C2F537D519337A0B00E3A6A9 /* CFLTView.h */,
				C2F537D619337A0B00E3A6A9 /* CFLTView.m */,
				C21C6059192E138000C3B7F6 /* CFAppDelegate.h */,
				C21C605A192E138000C3B7F6 /* CFAppDelegate.m */,
				C21C605C192E138000C3B7F6 /* Images.xcassets */,
				C21C6051192E138000C3B7F6 /* Supporting Files */,
			);
			path = Login;
			sourceTree = "<group>";
		};
		C21C6051192E138000C3B7F6 /* Supporting Files */ = {
			isa = PBXGroup;
			children = (
				C21C608F192E460E00C3B7F6 /* readme.md */,
				C216B3C819321B86002ECA95 /* 02.jpg */,
				C2F537C719335D5B00E3A6A9 /* 01.png */,
				C216B3C919321B86002ECA95 /* 03.jpg */,
				C21C6052192E138000C3B7F6 /* Login-Info.plist */,
				C21C6053192E138000C3B7F6 /* InfoPlist.strings */,
				C21C6056192E138000C3B7F6 /* main.m */,
				C21C6058192E138000C3B7F6 /* Login-Prefix.pch */,
			);
			name = "Supporting Files";
			sourceTree = "<group>";
		};
		C21C6069192E138000C3B7F6 /* LoginTests */ = {
			isa = PBXGroup;
			children = (
				C21C606F192E138000C3B7F6 /* LoginTests.m */,
				C21C606A192E138000C3B7F6 /* Supporting Files */,
			);
			path = LoginTests;
			sourceTree = "<group>";
		};
		C21C606A192E138000C3B7F6 /* Supporting Files */ = {
			isa = PBXGroup;
			children = (
				C21C606B192E138000C3B7F6 /* LoginTests-Info.plist */,
				C21C606C192E138000C3B7F6 /* InfoPlist.strings */,
			);
			name = "Supporting Files";
			sourceTree = "<group>";
		};
/* End PBXGroup section */

/* Begin PBXNativeTarget section */
		C21C6046192E138000C3B7F6 /* Login */ = {
			isa = PBXNativeTarget;
			buildConfigurationList = C21C6073192E138000C3B7F6 /* Build configuration list for PBXNativeTarget "Login" */;
			buildPhases = (
				C21C6043192E138000C3B7F6 /* Sources */,
				C21C6044192E138000C3B7F6 /* Frameworks */,
				C21C6045192E138000C3B7F6 /* Resources */,
			);
			buildRules = (
			);
			dependencies = (
			);
			name = Login;
			productName = Login;
			productReference = C21C6047192E138000C3B7F6 /* Login.app */;
			productType = "com.apple.product-type.application";
		};
		C21C6061192E138000C3B7F6 /* LoginTests */ = {
			isa = PBXNativeTarget;
			buildConfigurationList = C21C6076192E138000C3B7F6 /* Build configuration list for PBXNativeTarget "LoginTests" */;
			buildPhases = (
				C21C605E192E138000C3B7F6 /* Sources */,
				C21C605F192E138000C3B7F6 /* Frameworks */,
				C21C6060192E138000C3B7F6 /* Resources */,
			);
			buildRules = (
			);
			dependencies = (
				C21C6068192E138000C3B7F6 /* PBXTargetDependency */,
			);
			name = LoginTests;
			productName = LoginTests;
			productReference = C21C6062192E138000C3B7F6 /* LoginTests.xctest */;
			productType = "com.apple.product-type.bundle.unit-test";
		};
/* End PBXNativeTarget section */

/* Begin PBXProject section */
		C21C603F192E138000C3B7F6 /* Project object */ = {
			isa = PBXProject;
			attributes = {
				CLASSPREFIX = CF;
				LastUpgradeCheck = 0510;
				ORGANIZATIONNAME = Shadow;
				TargetAttributes = {
					C21C6061192E138000C3B7F6 = {
						TestTargetID = C21C6046192E138000C3B7F6;
					};
				};
			};
			buildConfigurationList = C21C6042192E138000C3B7F6 /* Build configuration list for PBXProject "Login" */;
			compatibilityVersion = "Xcode 3.2";
			developmentRegion = English;
			hasScannedForEncodings = 0;
			knownRegions = (
				en,
			);
			mainGroup = C21C603E192E138000C3B7F6;
			productRefGroup = C21C6048192E138000C3B7F6 /* Products */;
			projectDirPath = "";
			projectRoot = "";
			targets = (
				C21C6046192E138000C3B7F6 /* Login */,
				C21C6061192E138000C3B7F6 /* LoginTests */,
			);
		};
/* End PBXProject section */

/* Begin PBXResourcesBuildPhase section */
		C21C6045192E138000C3B7F6 /* Resources */ = {
			isa = PBXResourcesBuildPhase;
			buildActionMask = 2147483647;
			files = (
				C216B3CA19321B86002ECA95 /* 02.jpg in Resources */,
				C21C6090192E460E00C3B7F6 /* readme.md in Resources */,
				C216B3CB19321B86002ECA95 /* 03.jpg in Resources */,
				C21C6055192E138000C3B7F6 /* InfoPlist.strings in Resources */,
				C21C605D192E138000C3B7F6 /* Images.xcassets in Resources */,
				C2F537C819335D5B00E3A6A9 /* 01.png in Resources */,
			);
			runOnlyForDeploymentPostprocessing = 0;
		};
		C21C6060192E138000C3B7F6 /* Resources */ = {
			isa = PBXResourcesBuildPhase;
			buildActionMask = 2147483647;
			files = (
				C21C606E192E138000C3B7F6 /* InfoPlist.strings in Resources */,
			);
			runOnlyForDeploymentPostprocessing = 0;
		};
/* End PBXResourcesBuildPhase section */

/* Begin PBXSourcesBuildPhase section */
		C21C6043192E138000C3B7F6 /* Sources */ = {
			isa = PBXSourcesBuildPhase;
			buildActionMask = 2147483647;
			files = (
				C21C6057192E138000C3B7F6 /* main.m in Sources */,
				C2F537D11933649900E3A6A9 /* CFRegistView.m in Sources */,
				C2F537D719337A0B00E3A6A9 /* CFLTView.m in Sources */,
				C2F537CE1933645A00E3A6A9 /* CFLoginView.m in Sources */,
				C2F537D4193364C500E3A6A9 /* CFGetPasswordView.m in Sources */,
				C2F537DA1933850700E3A6A9 /* CFLoginBase.m in Sources */,
				C21C605B192E138000C3B7F6 /* CFAppDelegate.m in Sources */,
				C2F537CB19335F5800E3A6A9 /* CFLogIn.m in Sources */,
			);
			runOnlyForDeploymentPostprocessing = 0;
		};
		C21C605E192E138000C3B7F6 /* Sources */ = {
			isa = PBXSourcesBuildPhase;
			buildActionMask = 2147483647;
			files = (
				C21C6070192E138000C3B7F6 /* LoginTests.m in Sources */,
			);
			runOnlyForDeploymentPostprocessing = 0;
		};
/* End PBXSourcesBuildPhase section */

/* Begin PBXTargetDependency section */
		C21C6068192E138000C3B7F6 /* PBXTargetDependency */ = {
			isa = PBXTargetDependency;
			target = C21C6046192E138000C3B7F6 /* Login */;
			targetProxy = C21C6067192E138000C3B7F6 /* PBXContainerItemProxy */;
		};
/* End PBXTargetDependency section */

/* Begin PBXVariantGroup section */
		C21C6053192E138000C3B7F6 /* InfoPlist.strings */ = {
			isa = PBXVariantGroup;
			children = (
				C21C6054192E138000C3B7F6 /* en */,
			);
			name = InfoPlist.strings;
			sourceTree = "<group>";
		};
		C21C606C192E138000C3B7F6 /* InfoPlist.strings */ = {
			isa = PBXVariantGroup;
			children = (
				C21C606D192E138000C3B7F6 /* en */,
			);
			name = InfoPlist.strings;
			sourceTree = "<group>";
		};
/* End PBXVariantGroup section */

/* Begin XCBuildConfiguration section */
		C21C6071192E138000C3B7F6 /* Debug */ = {
			isa = XCBuildConfiguration;
			buildSettings = {
				ALWAYS_SEARCH_USER_PATHS = NO;
				CLANG_CXX_LANGUAGE_STANDARD = "gnu++0x";
				CLANG_CXX_LIBRARY = "libc++";
				CLANG_ENABLE_MODULES = YES;
				CLANG_ENABLE_OBJC_ARC = YES;
				CLANG_WARN_BOOL_CONVERSION = YES;
				CLANG_WARN_CONSTANT_CONVERSION = YES;
				CLANG_WARN_DIRECT_OBJC_ISA_USAGE = YES_ERROR;
				CLANG_WARN_EMPTY_BODY = YES;
				CLANG_WARN_ENUM_CONVERSION = YES;
				CLANG_WARN_INT_CONVERSION = YES;
				CLANG_WARN_OBJC_ROOT_CLASS = YES_ERROR;
				CLANG_WARN__DUPLICATE_METHOD_MATCH = YES;
				"CODE_SIGN_IDENTITY[sdk=iphoneos*]" = "iPhone Developer";
				COPY_PHASE_STRIP = NO;
				GCC_C_LANGUAGE_STANDARD = gnu99;
				GCC_DYNAMIC_NO_PIC = NO;
				GCC_OPTIMIZATION_LEVEL = 0;
				GCC_PREPROCESSOR_DEFINITIONS = (
					"DEBUG=1",
					"$(inherited)",
				);
				GCC_SYMBOLS_PRIVATE_EXTERN = NO;
				GCC_WARN_64_TO_32_BIT_CONVERSION = YES;
				GCC_WARN_ABOUT_RETURN_TYPE = YES_ERROR;
				GCC_WARN_UNDECLARED_SELECTOR = YES;
				GCC_WARN_UNINITIALIZED_AUTOS = YES_AGGRESSIVE;
				GCC_WARN_UNUSED_FUNCTION = YES;
				GCC_WARN_UNUSED_VARIABLE = YES;
				IPHONEOS_DEPLOYMENT_TARGET = 7.1;
				ONLY_ACTIVE_ARCH = YES;
				SDKROOT = iphoneos;
				TARGETED_DEVICE_FAMILY = "1,2";
			};
			name = Debug;
		};
		C21C6072192E138000C3B7F6 /* Release */ = {
			isa = XCBuildConfiguration;
			buildSettings = {
				ALWAYS_SEARCH_USER_PATHS = NO;
				CLANG_CXX_LANGUAGE_STANDARD = "gnu++0x";
				CLANG_CXX_LIBRARY = "libc++";
				CLANG_ENABLE_MODULES = YES;
				CLANG_ENABLE_OBJC_ARC = YES;
				CLANG_WARN_BOOL_CONVERSION = YES;
				CLANG_WARN_CONSTANT_CONVERSION = YES;
				CLANG_WARN_DIRECT_OBJC_ISA_USAGE = YES_ERROR;
				CLANG_WARN_EMPTY_BODY = YES;
				CLANG_WARN_ENUM_CONVERSION = YES;
				CLANG_WARN_INT_CONVERSION = YES;
				CLANG_WARN_OBJC_ROOT_CLASS = YES_ERROR;
				CLANG_WARN__DUPLICATE_METHOD_MATCH = YES;
				"CODE_SIGN_IDENTITY[sdk=iphoneos*]" = "iPhone Developer";
				COPY_PHASE_STRIP = YES;
				ENABLE_NS_ASSERTIONS = NO;
				GCC_C_LANGUAGE_STANDARD = gnu99;
				GCC_WARN_64_TO_32_BIT_CONVERSION = YES;
				GCC_WARN_ABOUT_RETURN_TYPE = YES_ERROR;
				GCC_WARN_UNDECLARED_SELECTOR = YES;
				GCC_WARN_UNINITIALIZED_AUTOS = YES_AGGRESSIVE;
				GCC_WARN_UNUSED_FUNCTION = YES;
				GCC_WARN_UNUSED_VARIABLE = YES;
				IPHONEOS_DEPLOYMENT_TARGET = 7.1;
				SDKROOT = iphoneos;
				TARGETED_DEVICE_FAMILY = "1,2";
				VALIDATE_PRODUCT = YES;
			};
			name = Release;
		};
		C21C6074192E138000C3B7F6 /* Debug */ = {
			isa = XCBuildConfiguration;
			buildSettings = {
				ASSETCATALOG_COMPILER_APPICON_NAME = AppIcon;
				ASSETCATALOG_COMPILER_LAUNCHIMAGE_NAME = LaunchImage;
				CLANG_ENABLE_OBJC_ARC = NO;
				GCC_PRECOMPILE_PREFIX_HEADER = YES;
				GCC_PREFIX_HEADER = "Login/Login-Prefix.pch";
				INFOPLIST_FILE = "Login/Login-Info.plist";
				PRODUCT_NAME = "$(TARGET_NAME)";
				WRAPPER_EXTENSION = app;
			};
			name = Debug;
		};
		C21C6075192E138000C3B7F6 /* Release */ = {
			isa = XCBuildConfiguration;
			buildSettings = {
				ASSETCATALOG_COMPILER_APPICON_NAME = AppIcon;
				ASSETCATALOG_COMPILER_LAUNCHIMAGE_NAME = LaunchImage;
				CLANG_ENABLE_OBJC_ARC = NO;
				GCC_PRECOMPILE_PREFIX_HEADER = YES;
				GCC_PREFIX_HEADER = "Login/Login-Prefix.pch";
				INFOPLIST_FILE = "Login/Login-Info.plist";
				PRODUCT_NAME = "$(TARGET_NAME)";
				WRAPPER_EXTENSION = app;
			};
			name = Release;
		};
		C21C6077192E138000C3B7F6 /* Debug */ = {
			isa = XCBuildConfiguration;
			buildSettings = {
				BUNDLE_LOADER = "$(BUILT_PRODUCTS_DIR)/Login.app/Login";
				FRAMEWORK_SEARCH_PATHS = (
					"$(SDKROOT)/Developer/Library/Frameworks",
					"$(inherited)",
					"$(DEVELOPER_FRAMEWORKS_DIR)",
				);
				GCC_PRECOMPILE_PREFIX_HEADER = YES;
				GCC_PREFIX_HEADER = "Login/Login-Prefix.pch";
				GCC_PREPROCESSOR_DEFINITIONS = (
					"DEBUG=1",
					"$(inherited)",
				);
				INFOPLIST_FILE = "LoginTests/LoginTests-Info.plist";
				PRODUCT_NAME = "$(TARGET_NAME)";
				TEST_HOST = "$(BUNDLE_LOADER)";
				WRAPPER_EXTENSION = xctest;
			};
			name = Debug;
		};
		C21C6078192E138000C3B7F6 /* Release */ = {
			isa = XCBuildConfiguration;
			buildSettings = {
				BUNDLE_LOADER = "$(BUILT_PRODUCTS_DIR)/Login.app/Login";
				FRAMEWORK_SEARCH_PATHS = (
					"$(SDKROOT)/Developer/Library/Frameworks",
					"$(inherited)",
					"$(DEVELOPER_FRAMEWORKS_DIR)",
				);
				GCC_PRECOMPILE_PREFIX_HEADER = YES;
				GCC_PREFIX_HEADER = "Login/Login-Prefix.pch";
				INFOPLIST_FILE = "LoginTests/LoginTests-Info.plist";
				PRODUCT_NAME = "$(TARGET_NAME)";
				TEST_HOST = "$(BUNDLE_LOADER)";
				WRAPPER_EXTENSION = xctest;
			};
			name = Release;
		};
/* End XCBuildConfiguration section */

/* Begin XCConfigurationList section */
		C21C6042192E138000C3B7F6 /* Build configuration list for PBXProject "Login" */ = {
			isa = XCConfigurationList;
			buildConfigurations = (
				C21C6071192E138000C3B7F6 /* Debug */,
				C21C6072192E138000C3B7F6 /* Release */,
			);
			defaultConfigurationIsVisible = 0;
			defaultConfigurationName = Release;
		};
		C21C6073192E138000C3B7F6 /* Build configuration list for PBXNativeTarget "Login" */ = {
			isa = XCConfigurationList;
			buildConfigurations = (
				C21C6074192E138000C3B7F6 /* Debug */,
				C21C6075192E138000C3B7F6 /* Release */,
			);
			defaultConfigurationIsVisible = 0;
			defaultConfigurationName = Release;
		};
		C21C6076192E138000C3B7F6 /* Build configuration list for PBXNativeTarget "LoginTests" */ = {
			isa = XCConfigurationList;
			buildConfigurations = (
				C21C6077192E138000C3B7F6 /* Debug */,
				C21C6078192E138000C3B7F6 /* Release */,
			);
			defaultConfigurationIsVisible = 0;
			defaultConfigurationName = Release;
		};
/* End XCConfigurationList section */
	};
	rootObject = C21C603F192E138000C3B7F6 /* Project object */;
}
